{
  "version": 4,
  "terraform_version": "1.4.6",
  "serial": 56,
  "lineage": "9d2a954b-9e5e-27cd-737d-9b0f2a4c96ae",
  "outputs": {},
  "resources": [
    {
      "mode": "managed",
      "type": "azurerm_resource_group",
      "name": "rg204az170523",
      "provider": "provider[\"registry.terraform.io/hashicorp/azurerm\"]",
      "instances": [
        {
          "schema_version": 0,
          "attributes": {
            "id": "/subscriptions/fbecb028-2ef6-422c-acb8-06d3fe64064f/resourceGroups/rg204az170523",
            "location": "westeurope",
            "name": "rg204az170523",
            "tags": {},
            "timeouts": {
              "create": null,
              "delete": null,
              "read": null,
              "update": null
            }
          },
          "sensitive_attributes": [],
          "private": "eyJlMmJmYjczMC1lY2FhLTExZTYtOGY4OC0zNDM2M2JjN2M0YzAiOnsiY3JlYXRlIjo1NDAwMDAwMDAwMDAwLCJkZWxldGUiOjU0MDAwMDAwMDAwMDAsInJlYWQiOjMwMDAwMDAwMDAwMCwidXBkYXRlIjo1NDAwMDAwMDAwMDAwfSwic2NoZW1hX3ZlcnNpb24iOiIwIn0="
        }
      ]
    },
    {
      "mode": "managed",
      "type": "azurerm_service_plan",
      "name": "app_plan1000204",
      "provider": "provider[\"registry.terraform.io/hashicorp/azurerm\"]",
      "instances": [
        {
          "schema_version": 0,
          "attributes": {
            "app_service_environment_id": "",
            "id": "/subscriptions/fbecb028-2ef6-422c-acb8-06d3fe64064f/resourceGroups/rg204az170523/providers/Microsoft.Web/serverfarms/app_plan1000204",
            "kind": "app",
            "location": "westeurope",
            "maximum_elastic_worker_count": 1,
            "name": "app_plan1000204",
            "os_type": "Windows",
            "per_site_scaling_enabled": false,
            "reserved": false,
            "resource_group_name": "rg204az170523",
            "sku_name": "P1v2",
            "tags": null,
            "timeouts": null,
            "worker_count": 1,
            "zone_balancing_enabled": false
          },
          "sensitive_attributes": [],
          "private": "eyJlMmJmYjczMC1lY2FhLTExZTYtOGY4OC0zNDM2M2JjN2M0YzAiOnsiY3JlYXRlIjozNjAwMDAwMDAwMDAwLCJkZWxldGUiOjM2MDAwMDAwMDAwMDAsInJlYWQiOjMwMDAwMDAwMDAwMCwidXBkYXRlIjozNjAwMDAwMDAwMDAwfX0=",
          "dependencies": [
            "azurerm_resource_group.rg204az170523"
          ]
        }
      ]
    },
    {
      "mode": "managed",
      "type": "azurerm_windows_web_app",
      "name": "webapp",
      "provider": "provider[\"registry.terraform.io/hashicorp/azurerm\"]",
      "instances": [
        {
          "schema_version": 0,
          "attributes": {
            "app_settings": null,
            "auth_settings": [],
            "auth_settings_v2": [],
            "backup": [],
            "client_affinity_enabled": false,
            "client_certificate_enabled": false,
            "client_certificate_exclusion_paths": "",
            "client_certificate_mode": "Required",
            "connection_string": [
              {
                "name": "SQLConnection",
                "type": "SQLAzure",
                "value": "Server=tcp:server204170523.database.windows.net,1433;Initial Catalog=products;Persist Security Info=False;User ID=adminlogin204;Password=adminlogin@@_2044170523;MultipleActiveResultSets=False;Encrypt=True;TrustServerCertificate=False;Connection Timeout=30;"
              }
            ],
            "custom_domain_verification_id": "D361437B3021221220ECD80DBC902B3BA93BC8630AD116290AC22259759C55B5",
            "default_hostname": "webapp20416052023.azurewebsites.net",
            "enabled": true,
            "hosting_environment_id": "",
            "https_only": false,
            "id": "/subscriptions/fbecb028-2ef6-422c-acb8-06d3fe64064f/resourceGroups/rg204az170523/providers/Microsoft.Web/sites/webapp20416052023",
            "identity": [],
            "key_vault_reference_identity_id": "SystemAssigned",
            "kind": "app",
            "location": "westeurope",
            "logs": [],
            "name": "webapp20416052023",
            "outbound_ip_address_list": [
              "20.126.190.35",
              "20.126.190.127",
              "20.126.190.151",
              "20.126.190.180",
              "20.126.190.210",
              "20.126.191.13",
              "20.105.224.14"
            ],
            "outbound_ip_addresses": "20.126.190.35,20.126.190.127,20.126.190.151,20.126.190.180,20.126.190.210,20.126.191.13,20.105.224.14",
            "possible_outbound_ip_address_list": [
              "20.126.187.180",
              "20.126.189.40",
              "20.126.189.99",
              "20.126.189.128",
              "20.126.189.162",
              "20.126.189.201",
              "20.126.190.35",
              "20.126.190.127",
              "20.126.190.151",
              "20.126.190.180",
              "20.126.190.210",
              "20.126.191.13",
              "20.126.191.47",
              "20.126.191.98",
              "20.126.191.155",
              "20.31.104.23",
              "20.31.104.209",
              "20.31.105.70",
              "20.31.105.200",
              "20.31.106.82",
              "20.31.106.234",
              "20.31.106.242",
              "20.31.106.246",
              "20.31.107.5",
              "20.31.107.32",
              "20.31.107.97",
              "20.82.28.148",
              "20.103.181.129",
              "20.31.107.104",
              "20.31.107.107",
              "20.105.224.14"
            ],
            "possible_outbound_ip_addresses": "20.126.187.180,20.126.189.40,20.126.189.99,20.126.189.128,20.126.189.162,20.126.189.201,20.126.190.35,20.126.190.127,20.126.190.151,20.126.190.180,20.126.190.210,20.126.191.13,20.126.191.47,20.126.191.98,20.126.191.155,20.31.104.23,20.31.104.209,20.31.105.70,20.31.105.200,20.31.106.82,20.31.106.234,20.31.106.242,20.31.106.246,20.31.107.5,20.31.107.32,20.31.107.97,20.82.28.148,20.103.181.129,20.31.107.104,20.31.107.107,20.105.224.14",
            "resource_group_name": "rg204az170523",
            "service_plan_id": "/subscriptions/fbecb028-2ef6-422c-acb8-06d3fe64064f/resourceGroups/rg204az170523/providers/Microsoft.Web/serverfarms/app_plan1000204",
            "site_config": [
              {
                "always_on": true,
                "api_definition_url": "",
                "api_management_api_id": "",
                "app_command_line": "",
                "application_stack": [
                  {
                    "current_stack": "",
                    "docker_container_name": "",
                    "docker_container_registry": "",
                    "docker_container_tag": "",
                    "dotnet_core_version": "",
                    "dotnet_version": "",
                    "java_container": "",
                    "java_container_version": "",
                    "java_embedded_server_enabled": false,
                    "java_version": "",
                    "node_version": "",
                    "php_version": "5.6",
                    "python": false,
                    "python_version": "",
                    "tomcat_version": ""
                  }
                ],
                "auto_heal_enabled": false,
                "auto_heal_setting": [],
                "container_registry_managed_identity_client_id": "",
                "container_registry_use_managed_identity": false,
                "cors": [],
                "default_documents": [
                  "Default.htm",
                  "Default.html",
                  "Default.asp",
                  "index.htm",
                  "index.html",
                  "iisstart.htm",
                  "default.aspx",
                  "index.php",
                  "hostingstart.html"
                ],
                "detailed_error_logging_enabled": false,
                "ftps_state": "Disabled",
                "health_check_eviction_time_in_min": 0,
                "health_check_path": "",
                "http2_enabled": false,
                "ip_restriction": [],
                "linux_fx_version": "",
                "load_balancing_mode": "LeastRequests",
                "local_mysql_enabled": false,
                "managed_pipeline_mode": "Integrated",
                "minimum_tls_version": "1.2",
                "remote_debugging_enabled": false,
                "remote_debugging_version": "VS2019",
                "scm_ip_restriction": [],
                "scm_minimum_tls_version": "1.2",
                "scm_type": "None",
                "scm_use_main_ip_restriction": false,
                "use_32_bit_worker": true,
                "virtual_application": [],
                "vnet_route_all_enabled": false,
                "websockets_enabled": false,
                "windows_fx_version": "",
                "worker_count": 1
              }
            ],
            "site_credential": [
              {
                "name": "$webapp20416052023",
                "password": "foKaxLBDQREXiF6cSKtSHZg6112jfMTPnWLwwcB3NlR7GJAlQanWXiKdvXdt"
              }
            ],
            "sticky_settings": [],
            "storage_account": [],
            "tags": null,
            "timeouts": null,
            "virtual_network_subnet_id": "",
            "zip_deploy_file": ""
          },
          "sensitive_attributes": [],
          "private": "eyJlMmJmYjczMC1lY2FhLTExZTYtOGY4OC0zNDM2M2JjN2M0YzAiOnsiY3JlYXRlIjoxODAwMDAwMDAwMDAwLCJkZWxldGUiOjE4MDAwMDAwMDAwMDAsInJlYWQiOjMwMDAwMDAwMDAwMCwidXBkYXRlIjoxODAwMDAwMDAwMDAwfX0=",
          "dependencies": [
            "azurerm_resource_group.rg204az170523",
            "azurerm_service_plan.app_plan1000204"
          ]
        }
      ]
    }
  ],
  "check_results": null
}
