
Microsoft Visual Studio Solution File, Format Version 12.00
# Visual Studio Version 17
VisualStudioVersion = 17.3.32825.248
MinimumVisualStudioVersion = 10.0.40219.1
Project("{FAE04EC0-301F-11D3-BF4B-00C04F79EFBC}") = "ServiceBusAz204", "ServiceBusAz204.csproj", "{98D31BAB-5B65-4747-8E57-529B3E7CDFAC}"
EndProject
Global
	GlobalSection(SolutionConfigurationPlatforms) = preSolution
		Debug|Any CPU = Debug|Any CPU
		Release|Any CPU = Release|Any CPU
	EndGlobalSection
	GlobalSection(ProjectConfigurationPlatforms) = postSolution
		{98D31BAB-5B65-4747-8E57-529B3E7CDFAC}.Debug|Any CPU.ActiveCfg = Debug|Any CPU
		{98D31BAB-5B65-4747-8E57-529B3E7CDFAC}.Debug|Any CPU.Build.0 = Debug|Any CPU
		{98D31BAB-5B65-4747-8E57-529B3E7CDFAC}.Release|Any CPU.ActiveCfg = Release|Any CPU
		{98D31BAB-5B65-4747-8E57-529B3E7CDFAC}.Release|Any CPU.Build.0 = Release|Any CPU
	EndGlobalSection
	GlobalSection(SolutionProperties) = preSolution
		HideSolutionNode = FALSE
	EndGlobalSection
	GlobalSection(ExtensibilityGlobals) = postSolution
		SolutionGuid = {3A1BC43F-CCCF-424B-A8ED-B6274F8A9D5B}
	EndGlobalSection
EndGlobal
