{
  "version": 4,
  "terraform_version": "1.4.6",
  "serial": 11,
  "lineage": "f6e7ef64-0787-c76a-9ce4-823a7e63a421",
  "outputs": {
    "container_ipv4_address": {
      "value": "52.234.232.214",
      "type": "string"
    }
  },
  "resources": [
    {
      "mode": "managed",
      "type": "azurerm_container_group",
      "name": "container",
      "provider": "provider[\"registry.terraform.io/hashicorp/azurerm\"]",
      "instances": [
        {
          "schema_version": 0,
          "attributes": {
            "container": [
              {
                "commands": [],
                "cpu": 1,
                "cpu_limit": 0,
                "environment_variables": null,
                "gpu": [],
                "gpu_limit": [],
                "image": "containerregistrysqliaz204.azurecr.io/containers-app:latest",
                "liveness_probe": [],
                "memory": 2,
                "memory_limit": 0,
                "name": "aci204-s9nky5313dzjplrdglyz82wnp",
                "ports": [
                  {
                    "port": 80,
                    "protocol": "TCP"
                  }
                ],
                "readiness_probe": [],
                "secure_environment_variables": null,
                "volume": []
              }
            ],
            "diagnostics": [],
            "dns_config": [],
            "dns_name_label": "",
            "dns_name_label_reuse_policy": "Unsecure",
            "exposed_port": [
              {
                "port": 80,
                "protocol": "TCP"
              }
            ],
            "fqdn": "",
            "id": "/subscriptions/fbecb028-2ef6-422c-acb8-06d3fe64064f/resourceGroups/rg_acr204_resources-teaching-buck/providers/Microsoft.ContainerInstance/containerGroups/acigroup204-s9nky5313dzjplrdglyz82wnp",
            "identity": [],
            "image_registry_credential": [
              {
                "password": "iqFyHXWX5AneKOuk8UTmy08VgXBKyA61xndn4QO3eN+ACRAaEtLO",
                "server": "containerregistrysqliaz204.azurecr.io",
                "user_assigned_identity_id": "",
                "username": "containerRegistrysqliaz204"
              }
            ],
            "init_container": [],
            "ip_address": "52.234.232.214",
            "ip_address_type": "Public",
            "key_vault_key_id": null,
            "location": "eastus",
            "name": "acigroup204-s9nky5313dzjplrdglyz82wnp",
            "network_profile_id": null,
            "os_type": "Windows",
            "resource_group_name": "rg_acr204_resources-teaching-buck",
            "restart_policy": "Always",
            "subnet_ids": null,
            "tags": null,
            "timeouts": null,
            "zones": null
          },
          "sensitive_attributes": [],
          "private": "eyJlMmJmYjczMC1lY2FhLTExZTYtOGY4OC0zNDM2M2JjN2M0YzAiOnsiY3JlYXRlIjoxODAwMDAwMDAwMDAwLCJkZWxldGUiOjE4MDAwMDAwMDAwMDAsInJlYWQiOjMwMDAwMDAwMDAwMCwidXBkYXRlIjoxODAwMDAwMDAwMDAwfX0=",
          "dependencies": [
            "azurerm_resource_group.rg",
            "random_string.container_name"
          ]
        }
      ]
    },
    {
      "mode": "managed",
      "type": "azurerm_resource_group",
      "name": "rg",
      "provider": "provider[\"registry.terraform.io/hashicorp/azurerm\"]",
      "instances": [
        {
          "schema_version": 0,
          "attributes": {
            "id": "/subscriptions/fbecb028-2ef6-422c-acb8-06d3fe64064f/resourceGroups/rg_acr204_resources-teaching-buck",
            "location": "eastus",
            "name": "rg_acr204_resources-teaching-buck",
            "tags": {},
            "timeouts": null
          },
          "sensitive_attributes": [],
          "private": "eyJlMmJmYjczMC1lY2FhLTExZTYtOGY4OC0zNDM2M2JjN2M0YzAiOnsiY3JlYXRlIjo1NDAwMDAwMDAwMDAwLCJkZWxldGUiOjU0MDAwMDAwMDAwMDAsInJlYWQiOjMwMDAwMDAwMDAwMCwidXBkYXRlIjo1NDAwMDAwMDAwMDAwfX0=",
          "dependencies": [
            "random_pet.rg_name"
          ]
        }
      ]
    },
    {
      "mode": "managed",
      "type": "random_pet",
      "name": "rg_name",
      "provider": "provider[\"registry.terraform.io/hashicorp/random\"]",
      "instances": [
        {
          "schema_version": 0,
          "attributes": {
            "id": "rg_acr204_resources-teaching-buck",
            "keepers": null,
            "length": 2,
            "prefix": "rg_acr204_resources",
            "separator": "-"
          },
          "sensitive_attributes": []
        }
      ]
    },
    {
      "mode": "managed",
      "type": "random_string",
      "name": "container_name",
      "provider": "provider[\"registry.terraform.io/hashicorp/random\"]",
      "instances": [
        {
          "schema_version": 2,
          "attributes": {
            "id": "s9nky5313dzjplrdglyz82wnp",
            "keepers": null,
            "length": 25,
            "lower": true,
            "min_lower": 0,
            "min_numeric": 0,
            "min_special": 0,
            "min_upper": 0,
            "number": true,
            "numeric": true,
            "override_special": null,
            "result": "s9nky5313dzjplrdglyz82wnp",
            "special": false,
            "upper": false
          },
          "sensitive_attributes": []
        }
      ]
    }
  ],
  "check_results": null
}
