{
  "version": 4,
  "terraform_version": "1.4.6",
  "serial": 7,
  "lineage": "c31400cf-63bd-68b9-196b-9c755750800a",
  "outputs": {},
  "resources": [
    {
      "mode": "managed",
      "type": "azurerm_mssql_database",
      "name": "products",
      "provider": "provider[\"registry.terraform.io/hashicorp/azurerm\"]",
      "instances": [
        {
          "schema_version": 1,
          "attributes": {
            "auto_pause_delay_in_minutes": 0,
            "collation": "SQL_Latin1_General_CP1_CI_AS",
            "create_mode": "Default",
            "creation_source_database_id": null,
            "elastic_pool_id": "",
            "geo_backup_enabled": true,
            "id": "/subscriptions/fbecb028-2ef6-422c-acb8-06d3fe64064f/resourceGroups/rg204az170523/providers/Microsoft.Sql/servers/server204170523/databases/products",
            "import": [],
            "ledger_enabled": false,
            "license_type": "LicenseIncluded",
            "long_term_retention_policy": [
              {
                "monthly_retention": "PT0S",
                "week_of_year": 1,
                "weekly_retention": "PT0S",
                "yearly_retention": "PT0S"
              }
            ],
            "maintenance_configuration_name": "SQL_Default",
            "max_size_gb": 1,
            "min_capacity": 0,
            "name": "products",
            "read_replica_count": 0,
            "read_scale": false,
            "recover_database_id": null,
            "restore_dropped_database_id": null,
            "restore_point_in_time": null,
            "sample_name": null,
            "server_id": "/subscriptions/fbecb028-2ef6-422c-acb8-06d3fe64064f/resourceGroups/rg204az170523/providers/Microsoft.Sql/servers/server204170523",
            "short_term_retention_policy": [
              {
                "backup_interval_in_hours": 24,
                "retention_days": 7
              }
            ],
            "sku_name": "S0",
            "storage_account_type": "Geo",
            "tags": null,
            "threat_detection_policy": [
              {
                "disabled_alerts": [],
                "email_account_admins": "Disabled",
                "email_addresses": [],
                "retention_days": 0,
                "state": "Disabled",
                "storage_account_access_key": "",
                "storage_endpoint": ""
              }
            ],
            "timeouts": null,
            "transparent_data_encryption_enabled": true,
            "zone_redundant": false
          },
          "sensitive_attributes": [],
          "private": "eyJlMmJmYjczMC1lY2FhLTExZTYtOGY4OC0zNDM2M2JjN2M0YzAiOnsiY3JlYXRlIjozNjAwMDAwMDAwMDAwLCJkZWxldGUiOjM2MDAwMDAwMDAwMDAsInJlYWQiOjMwMDAwMDAwMDAwMCwidXBkYXRlIjozNjAwMDAwMDAwMDAwfSwic2NoZW1hX3ZlcnNpb24iOiIxIn0=",
          "dependencies": [
            "azurerm_mssql_server.server204170523",
            "azurerm_resource_group.rg204az170523"
          ]
        }
      ]
    },
    {
      "mode": "managed",
      "type": "azurerm_mssql_server",
      "name": "server204170523",
      "provider": "provider[\"registry.terraform.io/hashicorp/azurerm\"]",
      "instances": [
        {
          "schema_version": 0,
          "attributes": {
            "administrator_login": "adminlogin204",
            "administrator_login_password": "adminlogin@@_2044170523",
            "azuread_administrator": [],
            "connection_policy": "Default",
            "fully_qualified_domain_name": "server204170523.database.windows.net",
            "id": "/subscriptions/fbecb028-2ef6-422c-acb8-06d3fe64064f/resourceGroups/rg204az170523/providers/Microsoft.Sql/servers/server204170523",
            "identity": [],
            "location": "westeurope",
            "minimum_tls_version": "1.2",
            "name": "server204170523",
            "outbound_network_restriction_enabled": false,
            "primary_user_assigned_identity_id": "",
            "public_network_access_enabled": true,
            "resource_group_name": "rg204az170523",
            "restorable_dropped_database_ids": [],
            "tags": null,
            "timeouts": null,
            "version": "12.0"
          },
          "sensitive_attributes": [],
          "private": "eyJlMmJmYjczMC1lY2FhLTExZTYtOGY4OC0zNDM2M2JjN2M0YzAiOnsiY3JlYXRlIjozNjAwMDAwMDAwMDAwLCJkZWxldGUiOjM2MDAwMDAwMDAwMDAsInJlYWQiOjMwMDAwMDAwMDAwMCwidXBkYXRlIjozNjAwMDAwMDAwMDAwfX0=",
          "dependencies": [
            "azurerm_resource_group.rg204az170523"
          ]
        }
      ]
    },
    {
      "mode": "managed",
      "type": "azurerm_resource_group",
      "name": "rg204az170523",
      "provider": "provider[\"registry.terraform.io/hashicorp/azurerm\"]",
      "instances": [
        {
          "schema_version": 0,
          "attributes": {
            "id": "/subscriptions/fbecb028-2ef6-422c-acb8-06d3fe64064f/resourceGroups/rg204az170523",
            "location": "westeurope",
            "name": "rg204az170523",
            "tags": {},
            "timeouts": {
              "create": null,
              "delete": null,
              "read": null,
              "update": null
            }
          },
          "sensitive_attributes": [],
          "private": "eyJlMmJmYjczMC1lY2FhLTExZTYtOGY4OC0zNDM2M2JjN2M0YzAiOnsiY3JlYXRlIjo1NDAwMDAwMDAwMDAwLCJkZWxldGUiOjU0MDAwMDAwMDAwMDAsInJlYWQiOjMwMDAwMDAwMDAwMCwidXBkYXRlIjo1NDAwMDAwMDAwMDAwfSwic2NoZW1hX3ZlcnNpb24iOiIwIn0="
        }
      ]
    },
    {
      "mode": "managed",
      "type": "azurerm_storage_account",
      "name": "store204170523",
      "provider": "provider[\"registry.terraform.io/hashicorp/azurerm\"]",
      "instances": [
        {
          "schema_version": 3,
          "attributes": {
            "access_tier": "Hot",
            "account_kind": "StorageV2",
            "account_replication_type": "LRS",
            "account_tier": "Standard",
            "allow_nested_items_to_be_public": true,
            "allowed_copy_scope": "",
            "azure_files_authentication": [],
            "blob_properties": [
              {
                "change_feed_enabled": false,
                "change_feed_retention_in_days": 0,
                "container_delete_retention_policy": [],
                "cors_rule": [],
                "default_service_version": "",
                "delete_retention_policy": [],
                "last_access_time_enabled": false,
                "restore_policy": [],
                "versioning_enabled": false
              }
            ],
            "cross_tenant_replication_enabled": true,
            "custom_domain": [],
            "customer_managed_key": [],
            "default_to_oauth_authentication": false,
            "edge_zone": "",
            "enable_https_traffic_only": true,
            "id": "/subscriptions/fbecb028-2ef6-422c-acb8-06d3fe64064f/resourceGroups/rg204az170523/providers/Microsoft.Storage/storageAccounts/store204170523",
            "identity": [],
            "immutability_policy": [],
            "infrastructure_encryption_enabled": false,
            "is_hns_enabled": false,
            "large_file_share_enabled": null,
            "location": "westeurope",
            "min_tls_version": "TLS1_2",
            "name": "store204170523",
            "network_rules": [
              {
                "bypass": [
                  "AzureServices"
                ],
                "default_action": "Allow",
                "ip_rules": [],
                "private_link_access": [],
                "virtual_network_subnet_ids": []
              }
            ],
            "nfsv3_enabled": false,
            "primary_access_key": "LgdaF8UIXPHAa0dV/N7kipUjGU1kqEzKAidTVco06UewLUyB6ZW9UafCmW0heKy1UL6NFZ5sJoG2+ASt535tHw==",
            "primary_blob_connection_string": "DefaultEndpointsProtocol=https;BlobEndpoint=https://store204170523.blob.core.windows.net/;AccountName=store204170523;AccountKey=LgdaF8UIXPHAa0dV/N7kipUjGU1kqEzKAidTVco06UewLUyB6ZW9UafCmW0heKy1UL6NFZ5sJoG2+ASt535tHw==",
            "primary_blob_endpoint": "https://store204170523.blob.core.windows.net/",
            "primary_blob_host": "store204170523.blob.core.windows.net",
            "primary_connection_string": "DefaultEndpointsProtocol=https;AccountName=store204170523;AccountKey=LgdaF8UIXPHAa0dV/N7kipUjGU1kqEzKAidTVco06UewLUyB6ZW9UafCmW0heKy1UL6NFZ5sJoG2+ASt535tHw==;EndpointSuffix=core.windows.net",
            "primary_dfs_endpoint": "https://store204170523.dfs.core.windows.net/",
            "primary_dfs_host": "store204170523.dfs.core.windows.net",
            "primary_file_endpoint": "https://store204170523.file.core.windows.net/",
            "primary_file_host": "store204170523.file.core.windows.net",
            "primary_location": "westeurope",
            "primary_queue_endpoint": "https://store204170523.queue.core.windows.net/",
            "primary_queue_host": "store204170523.queue.core.windows.net",
            "primary_table_endpoint": "https://store204170523.table.core.windows.net/",
            "primary_table_host": "store204170523.table.core.windows.net",
            "primary_web_endpoint": "https://store204170523.z6.web.core.windows.net/",
            "primary_web_host": "store204170523.z6.web.core.windows.net",
            "public_network_access_enabled": true,
            "queue_encryption_key_type": "Service",
            "queue_properties": [
              {
                "cors_rule": [],
                "hour_metrics": [
                  {
                    "enabled": true,
                    "include_apis": true,
                    "retention_policy_days": 7,
                    "version": "1.0"
                  }
                ],
                "logging": [
                  {
                    "delete": false,
                    "read": false,
                    "retention_policy_days": 0,
                    "version": "1.0",
                    "write": false
                  }
                ],
                "minute_metrics": [
                  {
                    "enabled": false,
                    "include_apis": false,
                    "retention_policy_days": 0,
                    "version": "1.0"
                  }
                ]
              }
            ],
            "resource_group_name": "rg204az170523",
            "routing": [],
            "sas_policy": [],
            "secondary_access_key": "Is32stZ6blakeENAk581iawscjB/t9UmOH30LlJm5BRY4M7zHG1qVQfdIFg4OVJ0SrdkKkUcjcXH+AStyZ25KQ==",
            "secondary_blob_connection_string": "",
            "secondary_blob_endpoint": null,
            "secondary_blob_host": null,
            "secondary_connection_string": "DefaultEndpointsProtocol=https;AccountName=store204170523;AccountKey=Is32stZ6blakeENAk581iawscjB/t9UmOH30LlJm5BRY4M7zHG1qVQfdIFg4OVJ0SrdkKkUcjcXH+AStyZ25KQ==;EndpointSuffix=core.windows.net",
            "secondary_dfs_endpoint": null,
            "secondary_dfs_host": null,
            "secondary_file_endpoint": null,
            "secondary_file_host": null,
            "secondary_location": "",
            "secondary_queue_endpoint": null,
            "secondary_queue_host": null,
            "secondary_table_endpoint": null,
            "secondary_table_host": null,
            "secondary_web_endpoint": null,
            "secondary_web_host": null,
            "sftp_enabled": false,
            "share_properties": [
              {
                "cors_rule": [],
                "retention_policy": [
                  {
                    "days": 7
                  }
                ],
                "smb": []
              }
            ],
            "shared_access_key_enabled": true,
            "static_website": [],
            "table_encryption_key_type": "Service",
            "tags": null,
            "timeouts": null
          },
          "sensitive_attributes": [],
          "private": "eyJlMmJmYjczMC1lY2FhLTExZTYtOGY4OC0zNDM2M2JjN2M0YzAiOnsiY3JlYXRlIjozNjAwMDAwMDAwMDAwLCJkZWxldGUiOjM2MDAwMDAwMDAwMDAsInJlYWQiOjMwMDAwMDAwMDAwMCwidXBkYXRlIjozNjAwMDAwMDAwMDAwfSwic2NoZW1hX3ZlcnNpb24iOiIzIn0=",
          "dependencies": [
            "azurerm_resource_group.rg204az170523"
          ]
        }
      ]
    },
    {
      "mode": "managed",
      "type": "null_resource",
      "name": "database_setup",
      "provider": "provider[\"registry.terraform.io/hashicorp/null\"]",
      "instances": [
        {
          "status": "tainted",
          "schema_version": 0,
          "attributes": {
            "id": "2232686170336276662",
            "triggers": null
          },
          "sensitive_attributes": [],
          "dependencies": [
            "azurerm_mssql_database.products",
            "azurerm_mssql_server.server204170523",
            "azurerm_resource_group.rg204az170523",
            "azurerm_storage_account.store204170523"
          ]
        }
      ]
    }
  ],
  "check_results": null
}
