{
  "version": 4,
  "terraform_version": "1.4.6",
  "serial": 22,
  "lineage": "70636ff3-8011-20f4-1e8a-ab542c061830",
  "outputs": {},
  "resources": [
    {
      "mode": "managed",
      "type": "azurerm_resource_group",
      "name": "rg-204-webapp",
      "provider": "provider[\"registry.terraform.io/hashicorp/azurerm\"]",
      "instances": [
        {
          "schema_version": 0,
          "attributes": {
            "id": "/subscriptions/fbecb028-2ef6-422c-acb8-06d3fe64064f/resourceGroups/rg-204-webapp-resources",
            "location": "westeurope",
            "name": "rg-204-webapp-resources",
            "tags": null,
            "timeouts": null
          },
          "sensitive_attributes": [],
          "private": "eyJlMmJmYjczMC1lY2FhLTExZTYtOGY4OC0zNDM2M2JjN2M0YzAiOnsiY3JlYXRlIjo1NDAwMDAwMDAwMDAwLCJkZWxldGUiOjU0MDAwMDAwMDAwMDAsInJlYWQiOjMwMDAwMDAwMDAwMCwidXBkYXRlIjo1NDAwMDAwMDAwMDAwfX0="
        }
      ]
    },
    {
      "mode": "managed",
      "type": "azurerm_service_plan",
      "name": "rg-204-webapp",
      "provider": "provider[\"registry.terraform.io/hashicorp/azurerm\"]",
      "instances": [
        {
          "schema_version": 0,
          "attributes": {
            "app_service_environment_id": "",
            "id": "/subscriptions/fbecb028-2ef6-422c-acb8-06d3fe64064f/resourceGroups/rg-204-webapp-resources/providers/Microsoft.Web/serverfarms/rg-204-webapp",
            "kind": "app",
            "location": "westeurope",
            "maximum_elastic_worker_count": 1,
            "name": "rg-204-webapp",
            "os_type": "Windows",
            "per_site_scaling_enabled": false,
            "reserved": false,
            "resource_group_name": "rg-204-webapp-resources",
            "sku_name": "P1v2",
            "tags": null,
            "timeouts": null,
            "worker_count": 1,
            "zone_balancing_enabled": false
          },
          "sensitive_attributes": [],
          "private": "eyJlMmJmYjczMC1lY2FhLTExZTYtOGY4OC0zNDM2M2JjN2M0YzAiOnsiY3JlYXRlIjozNjAwMDAwMDAwMDAwLCJkZWxldGUiOjM2MDAwMDAwMDAwMDAsInJlYWQiOjMwMDAwMDAwMDAwMCwidXBkYXRlIjozNjAwMDAwMDAwMDAwfX0=",
          "dependencies": [
            "azurerm_resource_group.rg-204-webapp"
          ]
        }
      ]
    },
    {
      "mode": "managed",
      "type": "azurerm_windows_web_app",
      "name": "az204webapp",
      "provider": "provider[\"registry.terraform.io/hashicorp/azurerm\"]",
      "instances": [
        {
          "schema_version": 0,
          "attributes": {
            "app_settings": null,
            "auth_settings": [],
            "auth_settings_v2": [],
            "backup": [],
            "client_affinity_enabled": false,
            "client_certificate_enabled": false,
            "client_certificate_exclusion_paths": "",
            "client_certificate_mode": "Required",
            "connection_string": [],
            "custom_domain_verification_id": "D361437B3021221220ECD80DBC902B3BA93BC8630AD116290AC22259759C55B5",
            "default_hostname": "az204webapp-14052023.azurewebsites.net",
            "enabled": true,
            "hosting_environment_id": "",
            "https_only": false,
            "id": "/subscriptions/fbecb028-2ef6-422c-acb8-06d3fe64064f/resourceGroups/rg-204-webapp-resources/providers/Microsoft.Web/sites/az204webapp-14052023",
            "identity": [],
            "key_vault_reference_identity_id": "SystemAssigned",
            "kind": "app",
            "location": "westeurope",
            "logs": [],
            "name": "az204webapp-14052023",
            "outbound_ip_address_list": [
              "20.93.235.132",
              "20.93.236.201",
              "20.93.237.22",
              "20.93.237.58",
              "20.93.237.104",
              "20.93.237.142",
              "20.105.216.14"
            ],
            "outbound_ip_addresses": "20.93.235.132,20.93.236.201,20.93.237.22,20.93.237.58,20.93.237.104,20.93.237.142,20.105.216.14",
            "possible_outbound_ip_address_list": [
              "20.82.44.145",
              "20.82.46.147",
              "20.93.233.197",
              "20.93.234.228",
              "20.93.232.148",
              "20.93.234.245",
              "20.93.235.132",
              "20.93.236.201",
              "20.93.237.22",
              "20.93.237.58",
              "20.93.237.104",
              "20.93.237.142",
              "20.93.237.175",
              "20.93.239.57",
              "20.103.184.77",
              "20.103.185.165",
              "20.103.187.118",
              "20.103.191.146",
              "20.126.192.16",
              "20.126.192.195",
              "20.126.192.224",
              "20.126.193.7",
              "20.126.193.172",
              "20.126.194.88",
              "20.103.188.232",
              "20.103.191.35",
              "20.126.195.35",
              "20.126.195.95",
              "20.126.195.129",
              "20.126.195.173",
              "20.105.216.14"
            ],
            "possible_outbound_ip_addresses": "20.82.44.145,20.82.46.147,20.93.233.197,20.93.234.228,20.93.232.148,20.93.234.245,20.93.235.132,20.93.236.201,20.93.237.22,20.93.237.58,20.93.237.104,20.93.237.142,20.93.237.175,20.93.239.57,20.103.184.77,20.103.185.165,20.103.187.118,20.103.191.146,20.126.192.16,20.126.192.195,20.126.192.224,20.126.193.7,20.126.193.172,20.126.194.88,20.103.188.232,20.103.191.35,20.126.195.35,20.126.195.95,20.126.195.129,20.126.195.173,20.105.216.14",
            "resource_group_name": "rg-204-webapp-resources",
            "service_plan_id": "/subscriptions/fbecb028-2ef6-422c-acb8-06d3fe64064f/resourceGroups/rg-204-webapp-resources/providers/Microsoft.Web/serverfarms/rg-204-webapp",
            "site_config": [
              {
                "always_on": true,
                "api_definition_url": "",
                "api_management_api_id": "",
                "app_command_line": "",
                "application_stack": [
                  {
                    "current_stack": "",
                    "docker_container_name": "",
                    "docker_container_registry": "",
                    "docker_container_tag": "",
                    "dotnet_core_version": "",
                    "dotnet_version": "",
                    "java_container": "",
                    "java_container_version": "",
                    "java_embedded_server_enabled": false,
                    "java_version": "",
                    "node_version": "",
                    "php_version": "5.6",
                    "python": false,
                    "python_version": "",
                    "tomcat_version": ""
                  }
                ],
                "auto_heal_enabled": false,
                "auto_heal_setting": [],
                "container_registry_managed_identity_client_id": "",
                "container_registry_use_managed_identity": false,
                "cors": [],
                "default_documents": [
                  "Default.htm",
                  "Default.html",
                  "Default.asp",
                  "index.htm",
                  "index.html",
                  "iisstart.htm",
                  "default.aspx",
                  "index.php",
                  "hostingstart.html"
                ],
                "detailed_error_logging_enabled": false,
                "ftps_state": "Disabled",
                "health_check_eviction_time_in_min": 0,
                "health_check_path": "",
                "http2_enabled": false,
                "ip_restriction": [],
                "linux_fx_version": "",
                "load_balancing_mode": "LeastRequests",
                "local_mysql_enabled": false,
                "managed_pipeline_mode": "Integrated",
                "minimum_tls_version": "1.2",
                "remote_debugging_enabled": false,
                "remote_debugging_version": "VS2019",
                "scm_ip_restriction": [],
                "scm_minimum_tls_version": "1.2",
                "scm_type": "None",
                "scm_use_main_ip_restriction": false,
                "use_32_bit_worker": true,
                "virtual_application": [],
                "vnet_route_all_enabled": false,
                "websockets_enabled": false,
                "windows_fx_version": "",
                "worker_count": 1
              }
            ],
            "site_credential": [
              {
                "name": "$az204webapp-14052023",
                "password": "Wrgau5yZXHyLyN8Rtv34MZcP6l0sjkl1lm7mbXDFvFwtlnr9phLhnpHuQHW3"
              }
            ],
            "sticky_settings": [],
            "storage_account": [],
            "tags": null,
            "timeouts": null,
            "virtual_network_subnet_id": "",
            "zip_deploy_file": ""
          },
          "sensitive_attributes": [],
          "private": "eyJlMmJmYjczMC1lY2FhLTExZTYtOGY4OC0zNDM2M2JjN2M0YzAiOnsiY3JlYXRlIjoxODAwMDAwMDAwMDAwLCJkZWxldGUiOjE4MDAwMDAwMDAwMDAsInJlYWQiOjMwMDAwMDAwMDAwMCwidXBkYXRlIjoxODAwMDAwMDAwMDAwfX0=",
          "dependencies": [
            "azurerm_resource_group.rg-204-webapp",
            "azurerm_service_plan.rg-204-webapp"
          ]
        }
      ]
    }
  ],
  "check_results": null
}
