{
  "version": 4,
  "terraform_version": "1.4.6",
  "serial": 53,
  "lineage": "650905cd-6300-4919-f138-3d102542f10d",
  "outputs": {},
  "resources": [
    {
      "mode": "managed",
      "type": "azurerm_mssql_database",
      "name": "products",
      "provider": "provider[\"registry.terraform.io/hashicorp/azurerm\"]",
      "instances": [
        {
          "schema_version": 1,
          "attributes": {
            "auto_pause_delay_in_minutes": 0,
            "collation": "SQL_Latin1_General_CP1_CI_AS",
            "create_mode": "Default",
            "creation_source_database_id": null,
            "elastic_pool_id": "",
            "geo_backup_enabled": true,
            "id": "/subscriptions/fbecb028-2ef6-422c-acb8-06d3fe64064f/resourceGroups/rg204webapp-resources/providers/Microsoft.Sql/servers/server204170523/databases/products",
            "import": [],
            "ledger_enabled": false,
            "license_type": "LicenseIncluded",
            "long_term_retention_policy": [
              {
                "monthly_retention": "PT0S",
                "week_of_year": 1,
                "weekly_retention": "PT0S",
                "yearly_retention": "PT0S"
              }
            ],
            "maintenance_configuration_name": "SQL_Default",
            "max_size_gb": 1,
            "min_capacity": 0,
            "name": "products",
            "read_replica_count": 0,
            "read_scale": false,
            "recover_database_id": null,
            "restore_dropped_database_id": null,
            "restore_point_in_time": null,
            "sample_name": null,
            "server_id": "/subscriptions/fbecb028-2ef6-422c-acb8-06d3fe64064f/resourceGroups/rg204webapp-resources/providers/Microsoft.Sql/servers/server204170523",
            "short_term_retention_policy": [
              {
                "backup_interval_in_hours": 24,
                "retention_days": 7
              }
            ],
            "sku_name": "S0",
            "storage_account_type": "Geo",
            "tags": null,
            "threat_detection_policy": [
              {
                "disabled_alerts": [],
                "email_account_admins": "Disabled",
                "email_addresses": [],
                "retention_days": 0,
                "state": "Disabled",
                "storage_account_access_key": "",
                "storage_endpoint": ""
              }
            ],
            "timeouts": null,
            "transparent_data_encryption_enabled": true,
            "zone_redundant": false
          },
          "sensitive_attributes": [],
          "private": "eyJlMmJmYjczMC1lY2FhLTExZTYtOGY4OC0zNDM2M2JjN2M0YzAiOnsiY3JlYXRlIjozNjAwMDAwMDAwMDAwLCJkZWxldGUiOjM2MDAwMDAwMDAwMDAsInJlYWQiOjMwMDAwMDAwMDAwMCwidXBkYXRlIjozNjAwMDAwMDAwMDAwfSwic2NoZW1hX3ZlcnNpb24iOiIxIn0=",
          "dependencies": [
            "azurerm_mssql_server.server204170523",
            "azurerm_resource_group.rg-204-grp"
          ]
        }
      ]
    },
    {
      "mode": "managed",
      "type": "azurerm_mssql_firewall_rule",
      "name": "firewall",
      "provider": "provider[\"registry.terraform.io/hashicorp/azurerm\"]",
      "instances": [
        {
          "schema_version": 0,
          "attributes": {
            "end_ip_address": "102.78.161.73",
            "id": "/subscriptions/fbecb028-2ef6-422c-acb8-06d3fe64064f/resourceGroups/rg204webapp-resources/providers/Microsoft.Sql/servers/server204170523/firewallRules/app-server-firewall-rule",
            "name": "app-server-firewall-rule",
            "server_id": "/subscriptions/fbecb028-2ef6-422c-acb8-06d3fe64064f/resourceGroups/rg204webapp-resources/providers/Microsoft.Sql/servers/server204170523",
            "start_ip_address": "102.78.161.73",
            "timeouts": null
          },
          "sensitive_attributes": [],
          "private": "eyJlMmJmYjczMC1lY2FhLTExZTYtOGY4OC0zNDM2M2JjN2M0YzAiOnsiY3JlYXRlIjoxODAwMDAwMDAwMDAwLCJkZWxldGUiOjE4MDAwMDAwMDAwMDAsInJlYWQiOjMwMDAwMDAwMDAwMCwidXBkYXRlIjoxODAwMDAwMDAwMDAwfX0=",
          "dependencies": [
            "azurerm_mssql_server.server204170523",
            "azurerm_resource_group.rg-204-grp"
          ]
        }
      ]
    },
    {
      "mode": "managed",
      "type": "azurerm_mssql_server",
      "name": "server204170523",
      "provider": "provider[\"registry.terraform.io/hashicorp/azurerm\"]",
      "instances": [
        {
          "schema_version": 0,
          "attributes": {
            "administrator_login": "adminlogin204",
            "administrator_login_password": "adminlogin@@_2044170523",
            "azuread_administrator": [],
            "connection_policy": "Default",
            "fully_qualified_domain_name": "server204170523.database.windows.net",
            "id": "/subscriptions/fbecb028-2ef6-422c-acb8-06d3fe64064f/resourceGroups/rg204webapp-resources/providers/Microsoft.Sql/servers/server204170523",
            "identity": [],
            "location": "westeurope",
            "minimum_tls_version": "1.2",
            "name": "server204170523",
            "outbound_network_restriction_enabled": false,
            "primary_user_assigned_identity_id": "",
            "public_network_access_enabled": true,
            "resource_group_name": "rg204webapp-resources",
            "restorable_dropped_database_ids": [],
            "tags": null,
            "timeouts": null,
            "version": "12.0"
          },
          "sensitive_attributes": [],
          "private": "eyJlMmJmYjczMC1lY2FhLTExZTYtOGY4OC0zNDM2M2JjN2M0YzAiOnsiY3JlYXRlIjozNjAwMDAwMDAwMDAwLCJkZWxldGUiOjM2MDAwMDAwMDAwMDAsInJlYWQiOjMwMDAwMDAwMDAwMCwidXBkYXRlIjozNjAwMDAwMDAwMDAwfX0=",
          "dependencies": [
            "azurerm_resource_group.rg-204-grp"
          ]
        }
      ]
    },
    {
      "mode": "managed",
      "type": "azurerm_resource_group",
      "name": "rg-204-grp",
      "provider": "provider[\"registry.terraform.io/hashicorp/azurerm\"]",
      "instances": [
        {
          "schema_version": 0,
          "attributes": {
            "id": "/subscriptions/fbecb028-2ef6-422c-acb8-06d3fe64064f/resourceGroups/rg204webapp-resources",
            "location": "westeurope",
            "name": "rg204webapp-resources",
            "tags": {},
            "timeouts": null
          },
          "sensitive_attributes": [],
          "private": "eyJlMmJmYjczMC1lY2FhLTExZTYtOGY4OC0zNDM2M2JjN2M0YzAiOnsiY3JlYXRlIjo1NDAwMDAwMDAwMDAwLCJkZWxldGUiOjU0MDAwMDAwMDAwMDAsInJlYWQiOjMwMDAwMDAwMDAwMCwidXBkYXRlIjo1NDAwMDAwMDAwMDAwfX0="
        }
      ]
    },
    {
      "mode": "managed",
      "type": "azurerm_service_plan",
      "name": "app_plan1000204",
      "provider": "provider[\"registry.terraform.io/hashicorp/azurerm\"]",
      "instances": [
        {
          "schema_version": 0,
          "attributes": {
            "app_service_environment_id": "",
            "id": "/subscriptions/fbecb028-2ef6-422c-acb8-06d3fe64064f/resourceGroups/rg204webapp-resources/providers/Microsoft.Web/serverfarms/app_plan1000204",
            "kind": "app",
            "location": "westeurope",
            "maximum_elastic_worker_count": 1,
            "name": "app_plan1000204",
            "os_type": "Windows",
            "per_site_scaling_enabled": false,
            "reserved": false,
            "resource_group_name": "rg204webapp-resources",
            "sku_name": "P1v2",
            "tags": {},
            "timeouts": null,
            "worker_count": 1,
            "zone_balancing_enabled": false
          },
          "sensitive_attributes": [],
          "private": "eyJlMmJmYjczMC1lY2FhLTExZTYtOGY4OC0zNDM2M2JjN2M0YzAiOnsiY3JlYXRlIjozNjAwMDAwMDAwMDAwLCJkZWxldGUiOjM2MDAwMDAwMDAwMDAsInJlYWQiOjMwMDAwMDAwMDAwMCwidXBkYXRlIjozNjAwMDAwMDAwMDAwfX0=",
          "dependencies": [
            "azurerm_resource_group.rg-204-grp"
          ]
        }
      ]
    },
    {
      "mode": "managed",
      "type": "azurerm_source_control_token",
      "name": "token",
      "provider": "provider[\"registry.terraform.io/hashicorp/azurerm\"]",
      "instances": []
    },
    {
      "mode": "managed",
      "type": "azurerm_storage_account",
      "name": "store204170523",
      "provider": "provider[\"registry.terraform.io/hashicorp/azurerm\"]",
      "instances": [
        {
          "status": "tainted",
          "schema_version": 3,
          "attributes": {
            "access_tier": "Hot",
            "account_kind": "StorageV2",
            "account_replication_type": "LRS",
            "account_tier": "Standard",
            "allow_nested_items_to_be_public": true,
            "allowed_copy_scope": "",
            "azure_files_authentication": [],
            "blob_properties": [
              {
                "change_feed_enabled": false,
                "change_feed_retention_in_days": 0,
                "container_delete_retention_policy": [],
                "cors_rule": [],
                "default_service_version": "",
                "delete_retention_policy": [],
                "last_access_time_enabled": false,
                "restore_policy": [],
                "versioning_enabled": false
              }
            ],
            "cross_tenant_replication_enabled": true,
            "custom_domain": [],
            "customer_managed_key": [],
            "default_to_oauth_authentication": false,
            "edge_zone": "",
            "enable_https_traffic_only": true,
            "id": "/subscriptions/fbecb028-2ef6-422c-acb8-06d3fe64064f/resourceGroups/rg204webapp-resources/providers/Microsoft.Storage/storageAccounts/store204170523",
            "identity": [],
            "immutability_policy": [],
            "infrastructure_encryption_enabled": false,
            "is_hns_enabled": false,
            "large_file_share_enabled": null,
            "location": "westeurope",
            "min_tls_version": "TLS1_2",
            "name": "store204170523",
            "network_rules": [
              {
                "bypass": [
                  "AzureServices"
                ],
                "default_action": "Allow",
                "ip_rules": [],
                "private_link_access": [],
                "virtual_network_subnet_ids": []
              }
            ],
            "nfsv3_enabled": false,
            "primary_access_key": "oMxlbNtBcsHNnQT7AVWofkyUpDK+gNICrCV7APC4JmxnURz2r25GARz7m1uKZMo1STFcaJ//bAAP+AStg07tZw==",
            "primary_blob_connection_string": "DefaultEndpointsProtocol=https;BlobEndpoint=https://store204170523.blob.core.windows.net/;AccountName=store204170523;AccountKey=oMxlbNtBcsHNnQT7AVWofkyUpDK+gNICrCV7APC4JmxnURz2r25GARz7m1uKZMo1STFcaJ//bAAP+AStg07tZw==",
            "primary_blob_endpoint": "https://store204170523.blob.core.windows.net/",
            "primary_blob_host": "store204170523.blob.core.windows.net",
            "primary_connection_string": "DefaultEndpointsProtocol=https;AccountName=store204170523;AccountKey=oMxlbNtBcsHNnQT7AVWofkyUpDK+gNICrCV7APC4JmxnURz2r25GARz7m1uKZMo1STFcaJ//bAAP+AStg07tZw==;EndpointSuffix=core.windows.net",
            "primary_dfs_endpoint": "https://store204170523.dfs.core.windows.net/",
            "primary_dfs_host": "store204170523.dfs.core.windows.net",
            "primary_file_endpoint": "https://store204170523.file.core.windows.net/",
            "primary_file_host": "store204170523.file.core.windows.net",
            "primary_location": "westeurope",
            "primary_queue_endpoint": "https://store204170523.queue.core.windows.net/",
            "primary_queue_host": "store204170523.queue.core.windows.net",
            "primary_table_endpoint": "https://store204170523.table.core.windows.net/",
            "primary_table_host": "store204170523.table.core.windows.net",
            "primary_web_endpoint": "https://store204170523.z6.web.core.windows.net/",
            "primary_web_host": "store204170523.z6.web.core.windows.net",
            "public_network_access_enabled": true,
            "queue_encryption_key_type": "Service",
            "queue_properties": [],
            "resource_group_name": "rg204webapp-resources",
            "routing": [],
            "sas_policy": [],
            "secondary_access_key": "6/MVgZU/Rq9AbsF6uDBPf4RBxg07zLS10Tmo+n+Jo2FFXxitS1GsfzEp2WgzN/QH8hVgOKiDVJqM+AStk+YtYA==",
            "secondary_blob_connection_string": "",
            "secondary_blob_endpoint": null,
            "secondary_blob_host": null,
            "secondary_connection_string": "DefaultEndpointsProtocol=https;AccountName=store204170523;AccountKey=6/MVgZU/Rq9AbsF6uDBPf4RBxg07zLS10Tmo+n+Jo2FFXxitS1GsfzEp2WgzN/QH8hVgOKiDVJqM+AStk+YtYA==;EndpointSuffix=core.windows.net",
            "secondary_dfs_endpoint": null,
            "secondary_dfs_host": null,
            "secondary_file_endpoint": null,
            "secondary_file_host": null,
            "secondary_location": "",
            "secondary_queue_endpoint": null,
            "secondary_queue_host": null,
            "secondary_table_endpoint": null,
            "secondary_table_host": null,
            "secondary_web_endpoint": null,
            "secondary_web_host": null,
            "sftp_enabled": false,
            "share_properties": null,
            "shared_access_key_enabled": true,
            "static_website": [],
            "table_encryption_key_type": "Service",
            "tags": null,
            "timeouts": null
          },
          "sensitive_attributes": [],
          "private": "eyJlMmJmYjczMC1lY2FhLTExZTYtOGY4OC0zNDM2M2JjN2M0YzAiOnsiY3JlYXRlIjozNjAwMDAwMDAwMDAwLCJkZWxldGUiOjM2MDAwMDAwMDAwMDAsInJlYWQiOjMwMDAwMDAwMDAwMCwidXBkYXRlIjozNjAwMDAwMDAwMDAwfSwic2NoZW1hX3ZlcnNpb24iOiIzIn0=",
          "dependencies": [
            "azurerm_resource_group.rg-204-grp"
          ]
        }
      ]
    },
    {
      "mode": "managed",
      "type": "azurerm_windows_web_app",
      "name": "webapp",
      "provider": "provider[\"registry.terraform.io/hashicorp/azurerm\"]",
      "instances": [
        {
          "schema_version": 0,
          "attributes": {
            "app_settings": null,
            "auth_settings": [],
            "auth_settings_v2": [],
            "backup": [],
            "client_affinity_enabled": false,
            "client_certificate_enabled": false,
            "client_certificate_exclusion_paths": "",
            "client_certificate_mode": "Required",
            "connection_string": [
              {
                "name": "SQLConnection",
                "type": "SQLAzure",
                "value": "Data Source=tcp:server204170523.database.windows.net,1433;Initial Catalog=products;User Id=adminlogin204;Password='adminlogin@@_2044170523';"
              }
            ],
            "custom_domain_verification_id": "D361437B3021221220ECD80DBC902B3BA93BC8630AD116290AC22259759C55B5",
            "default_hostname": "webapp20416052023.azurewebsites.net",
            "enabled": true,
            "hosting_environment_id": "",
            "https_only": false,
            "id": "/subscriptions/fbecb028-2ef6-422c-acb8-06d3fe64064f/resourceGroups/rg204webapp-resources/providers/Microsoft.Web/sites/webapp20416052023",
            "identity": [],
            "key_vault_reference_identity_id": "SystemAssigned",
            "kind": "app",
            "location": "westeurope",
            "logs": [],
            "name": "webapp20416052023",
            "outbound_ip_address_list": [
              "20.160.243.201",
              "20.160.243.211",
              "20.160.243.218",
              "20.160.244.130",
              "20.160.244.132",
              "20.160.244.135",
              "20.105.224.32"
            ],
            "outbound_ip_addresses": "20.160.243.201,20.160.243.211,20.160.243.218,20.160.244.130,20.160.244.132,20.160.244.135,20.105.224.32",
            "possible_outbound_ip_address_list": [
              "20.160.241.187",
              "20.160.241.193",
              "20.160.242.210",
              "20.160.243.9",
              "20.160.243.84",
              "20.160.243.141",
              "20.160.243.201",
              "20.160.243.211",
              "20.160.243.218",
              "20.160.244.130",
              "20.160.244.132",
              "20.160.244.135",
              "20.160.244.155",
              "20.160.244.170",
              "20.160.244.178",
              "20.160.244.184",
              "20.160.244.193",
              "20.160.244.211",
              "20.160.244.228",
              "20.160.244.235",
              "20.160.245.21",
              "20.160.245.32",
              "20.160.245.49",
              "20.160.245.73",
              "20.160.245.103",
              "20.160.245.116",
              "20.160.245.145",
              "20.160.245.149",
              "20.160.245.150",
              "20.160.245.180",
              "20.105.224.32"
            ],
            "possible_outbound_ip_addresses": "20.160.241.187,20.160.241.193,20.160.242.210,20.160.243.9,20.160.243.84,20.160.243.141,20.160.243.201,20.160.243.211,20.160.243.218,20.160.244.130,20.160.244.132,20.160.244.135,20.160.244.155,20.160.244.170,20.160.244.178,20.160.244.184,20.160.244.193,20.160.244.211,20.160.244.228,20.160.244.235,20.160.245.21,20.160.245.32,20.160.245.49,20.160.245.73,20.160.245.103,20.160.245.116,20.160.245.145,20.160.245.149,20.160.245.150,20.160.245.180,20.105.224.32",
            "resource_group_name": "rg204webapp-resources",
            "service_plan_id": "/subscriptions/fbecb028-2ef6-422c-acb8-06d3fe64064f/resourceGroups/rg204webapp-resources/providers/Microsoft.Web/serverfarms/app_plan1000204",
            "site_config": [
              {
                "always_on": true,
                "api_definition_url": "",
                "api_management_api_id": "",
                "app_command_line": "",
                "application_stack": [
                  {
                    "current_stack": "",
                    "docker_container_name": "",
                    "docker_container_registry": "",
                    "docker_container_tag": "",
                    "dotnet_core_version": "",
                    "dotnet_version": "",
                    "java_container": "",
                    "java_container_version": "",
                    "java_embedded_server_enabled": false,
                    "java_version": "",
                    "node_version": "",
                    "php_version": "5.6",
                    "python": false,
                    "python_version": "",
                    "tomcat_version": ""
                  }
                ],
                "auto_heal_enabled": false,
                "auto_heal_setting": [],
                "container_registry_managed_identity_client_id": "",
                "container_registry_use_managed_identity": false,
                "cors": [],
                "default_documents": [
                  "Default.htm",
                  "Default.html",
                  "Default.asp",
                  "index.htm",
                  "index.html",
                  "iisstart.htm",
                  "default.aspx",
                  "index.php",
                  "hostingstart.html"
                ],
                "detailed_error_logging_enabled": false,
                "ftps_state": "Disabled",
                "health_check_eviction_time_in_min": 0,
                "health_check_path": "",
                "http2_enabled": false,
                "ip_restriction": [],
                "linux_fx_version": "",
                "load_balancing_mode": "LeastRequests",
                "local_mysql_enabled": false,
                "managed_pipeline_mode": "Integrated",
                "minimum_tls_version": "1.2",
                "remote_debugging_enabled": false,
                "remote_debugging_version": "VS2019",
                "scm_ip_restriction": [],
                "scm_minimum_tls_version": "1.2",
                "scm_type": "None",
                "scm_use_main_ip_restriction": false,
                "use_32_bit_worker": true,
                "virtual_application": [],
                "vnet_route_all_enabled": false,
                "websockets_enabled": false,
                "windows_fx_version": "",
                "worker_count": 1
              }
            ],
            "site_credential": [
              {
                "name": "$webapp20416052023",
                "password": "e60PllxstsTff2CFgfooRh6hqTaXJBisomsp5rCx8WSxlAZA14avdMnjjaxj"
              }
            ],
            "sticky_settings": [],
            "storage_account": [],
            "tags": null,
            "timeouts": null,
            "virtual_network_subnet_id": "",
            "zip_deploy_file": ""
          },
          "sensitive_attributes": [
            [
              {
                "type": "get_attr",
                "value": "connection_string"
              }
            ]
          ],
          "private": "eyJlMmJmYjczMC1lY2FhLTExZTYtOGY4OC0zNDM2M2JjN2M0YzAiOnsiY3JlYXRlIjoxODAwMDAwMDAwMDAwLCJkZWxldGUiOjE4MDAwMDAwMDAwMDAsInJlYWQiOjMwMDAwMDAwMDAwMCwidXBkYXRlIjoxODAwMDAwMDAwMDAwfX0=",
          "dependencies": [
            "azurerm_mssql_database.products",
            "azurerm_mssql_server.server204170523",
            "azurerm_resource_group.rg-204-grp",
            "azurerm_service_plan.app_plan1000204"
          ]
        }
      ]
    },
    {
      "mode": "managed",
      "type": "null_resource",
      "name": "database_setup",
      "provider": "provider[\"registry.terraform.io/hashicorp/null\"]",
      "instances": [
        {
          "schema_version": 0,
          "attributes": {
            "id": "7800069823173224804",
            "triggers": null
          },
          "sensitive_attributes": [],
          "dependencies": [
            "azurerm_mssql_database.products",
            "azurerm_mssql_firewall_rule.firewall",
            "azurerm_mssql_server.server204170523",
            "azurerm_resource_group.rg-204-grp"
          ]
        }
      ]
    }
  ],
  "check_results": null
}
